
Microsoft Visual Studio Solution File, Format Version 12.00
# Visual Studio Version 16
VisualStudioVersion = 16.0.29009.5
MinimumVisualStudioVersion = 10.0.40219.1
Project("{FAE04EC0-301F-11D3-BF4B-00C04F79EFBC}") = "PlantKitty", "PlantKitty.csproj", "{A19DA5F3-790C-4FC5-B3E9-86B5A0373581}"
EndProject
Global
	GlobalSection(SolutionConfigurationPlatforms) = preSolution
		Debug|Any CPU = Debug|Any CPU
		Release|Any CPU = Release|Any CPU
	EndGlobalSection
	GlobalSection(ProjectConfigurationPlatforms) = postSolution
		{A19DA5F3-790C-4FC5-B3E9-86B5A0373581}.Debug|Any CPU.ActiveCfg = Debug|Any CPU
		{A19DA5F3-790C-4FC5-B3E9-86B5A0373581}.Debug|Any CPU.Build.0 = Debug|Any CPU
		{A19DA5F3-790C-4FC5-B3E9-86B5A0373581}.Release|Any CPU.ActiveCfg = Release|Any CPU
		{A19DA5F3-790C-4FC5-B3E9-86B5A0373581}.Release|Any CPU.Build.0 = Release|Any CPU
	EndGlobalSection
	GlobalSection(SolutionProperties) = preSolution
		HideSolutionNode = FALSE
	EndGlobalSection
	GlobalSection(ExtensibilityGlobals) = postSolution
		SolutionGuid = {254779CC-9D51-4276-B292-B90EFC6277D6}
	EndGlobalSection
EndGlobal
